// !$*UTF8*$!
{
	archiveVersion = 1;
	classes = {
	};
	objectVersion = 55;
	objects = {

/* Begin PBXBuildFile section */
		698EBEA027FB493700399D8F /* ListAListApp.swift in Sources */ = {isa = PBXBuildFile; fileRef = 698EBE9F27FB493700399D8F /* ListAListApp.swift */; };
		698EBEA427FB493800399D8F /* Assets.xcassets in Resources */ = {isa = PBXBuildFile; fileRef = 698EBEA327FB493800399D8F /* Assets.xcassets */; };
		698EBEA727FB493800399D8F /* Preview Assets.xcassets in Resources */ = {isa = PBXBuildFile; fileRef = 698EBEA627FB493800399D8F /* Preview Assets.xcassets */; };
		698EBEA927FB493800399D8F /* Persistence.swift in Sources */ = {isa = PBXBuildFile; fileRef = 698EBEA827FB493800399D8F /* Persistence.swift */; };
		698EBEAC27FB493800399D8F /* ListAList.xcdatamodeld in Sources */ = {isa = PBXBuildFile; fileRef = 698EBEAA27FB493800399D8F /* ListAList.xcdatamodeld */; };
		698EBEB627FB493800399D8F /* ListAListTests.swift in Sources */ = {isa = PBXBuildFile; fileRef = 698EBEB527FB493800399D8F /* ListAListTests.swift */; };
		698EBEC027FB493800399D8F /* ListAListUITests.swift in Sources */ = {isa = PBXBuildFile; fileRef = 698EBEBF27FB493800399D8F /* ListAListUITests.swift */; };
		698EBEC227FB493800399D8F /* ListAListUITestsLaunchTests.swift in Sources */ = {isa = PBXBuildFile; fileRef = 698EBEC127FB493800399D8F /* ListAListUITestsLaunchTests.swift */; };
		698EBED227FB49A500399D8F /* ListView.swift in Sources */ = {isa = PBXBuildFile; fileRef = 698EBED127FB49A500399D8F /* ListView.swift */; };
		698EBED427FB4B4300399D8F /* ListRowView.swift in Sources */ = {isa = PBXBuildFile; fileRef = 698EBED327FB4B4300399D8F /* ListRowView.swift */; };
		698EBED627FB543200399D8F /* AddView.swift in Sources */ = {isa = PBXBuildFile; fileRef = 698EBED527FB543200399D8F /* AddView.swift */; };
		698EBED827FB674A00399D8F /* ItemModel.swift in Sources */ = {isa = PBXBuildFile; fileRef = 698EBED727FB674A00399D8F /* ItemModel.swift */; };
		698EBEDC27FC4C2400399D8F /* ListViewModel.swift in Sources */ = {isa = PBXBuildFile; fileRef = 698EBEDB27FC4C2300399D8F /* ListViewModel.swift */; };
/* End PBXBuildFile section */

/* Begin PBXContainerItemProxy section */
		698EBEB227FB493800399D8F /* PBXContainerItemProxy */ = {
			isa = PBXContainerItemProxy;
			containerPortal = 698EBE9427FB493700399D8F /* Project object */;
			proxyType = 1;
			remoteGlobalIDString = 698EBE9B27FB493700399D8F;
			remoteInfo = ListAList;
		};
		698EBEBC27FB493800399D8F /* PBXContainerItemProxy */ = {
			isa = PBXContainerItemProxy;
			containerPortal = 698EBE9427FB493700399D8F /* Project object */;
			proxyType = 1;
			remoteGlobalIDString = 698EBE9B27FB493700399D8F;
			remoteInfo = ListAList;
		};
/* End PBXContainerItemProxy section */

/* Begin PBXFileReference section */
		698EBE9C27FB493700399D8F /* ListAList.app */ = {isa = PBXFileReference; explicitFileType = wrapper.application; includeInIndex = 0; path = ListAList.app; sourceTree = BUILT_PRODUCTS_DIR; };
		698EBE9F27FB493700399D8F /* ListAListApp.swift */ = {isa = PBXFileReference; lastKnownFileType = sourcecode.swift; path = ListAListApp.swift; sourceTree = "<group>"; };
		698EBEA327FB493800399D8F /* Assets.xcassets */ = {isa = PBXFileReference; lastKnownFileType = folder.assetcatalog; path = Assets.xcassets; sourceTree = "<group>"; };
		698EBEA627FB493800399D8F /* Preview Assets.xcassets */ = {isa = PBXFileReference; lastKnownFileType = folder.assetcatalog; path = "Preview Assets.xcassets"; sourceTree = "<group>"; };
		698EBEA827FB493800399D8F /* Persistence.swift */ = {isa = PBXFileReference; lastKnownFileType = sourcecode.swift; path = Persistence.swift; sourceTree = "<group>"; };
		698EBEAB27FB493800399D8F /* ListAList.xcdatamodel */ = {isa = PBXFileReference; lastKnownFileType = wrapper.xcdatamodel; path = ListAList.xcdatamodel; sourceTree = "<group>"; };
		698EBEB127FB493800399D8F /* ListAListTests.xctest */ = {isa = PBXFileReference; explicitFileType = wrapper.cfbundle; includeInIndex = 0; path = ListAListTests.xctest; sourceTree = BUILT_PRODUCTS_DIR; };
		698EBEB527FB493800399D8F /* ListAListTests.swift */ = {isa = PBXFileReference; lastKnownFileType = sourcecode.swift; path = ListAListTests.swift; sourceTree = "<group>"; };
		698EBEBB27FB493800399D8F /* ListAListUITests.xctest */ = {isa = PBXFileReference; explicitFileType = wrapper.cfbundle; includeInIndex = 0; path = ListAListUITests.xctest; sourceTree = BUILT_PRODUCTS_DIR; };
		698EBEBF27FB493800399D8F /* ListAListUITests.swift */ = {isa = PBXFileReference; lastKnownFileType = sourcecode.swift; path = ListAListUITests.swift; sourceTree = "<group>"; };
		698EBEC127FB493800399D8F /* ListAListUITestsLaunchTests.swift */ = {isa = PBXFileReference; lastKnownFileType = sourcecode.swift; path = ListAListUITestsLaunchTests.swift; sourceTree = "<group>"; };
		698EBED127FB49A500399D8F /* ListView.swift */ = {isa = PBXFileReference; lastKnownFileType = sourcecode.swift; path = ListView.swift; sourceTree = "<group>"; };
		698EBED327FB4B4300399D8F /* ListRowView.swift */ = {isa = PBXFileReference; lastKnownFileType = sourcecode.swift; path = ListRowView.swift; sourceTree = "<group>"; };
		698EBED527FB543200399D8F /* AddView.swift */ = {isa = PBXFileReference; lastKnownFileType = sourcecode.swift; path = AddView.swift; sourceTree = "<group>"; };
		698EBED727FB674A00399D8F /* ItemModel.swift */ = {isa = PBXFileReference; lastKnownFileType = sourcecode.swift; path = ItemModel.swift; sourceTree = "<group>"; };
		698EBEDB27FC4C2300399D8F /* ListViewModel.swift */ = {isa = PBXFileReference; lastKnownFileType = sourcecode.swift; path = ListViewModel.swift; sourceTree = "<group>"; };
/* End PBXFileReference section */

/* Begin PBXFrameworksBuildPhase section */
		698EBE9927FB493700399D8F /* Frameworks */ = {
			isa = PBXFrameworksBuildPhase;
			buildActionMask = 2147483647;
			files = (
			);
			runOnlyForDeploymentPostprocessing = 0;
		};
		698EBEAE27FB493800399D8F /* Frameworks */ = {
			isa = PBXFrameworksBuildPhase;
			buildActionMask = 2147483647;
			files = (
			);
			runOnlyForDeploymentPostprocessing = 0;
		};
		698EBEB827FB493800399D8F /* Frameworks */ = {
			isa = PBXFrameworksBuildPhase;
			buildActionMask = 2147483647;
			files = (
			);
			runOnlyForDeploymentPostprocessing = 0;
		};
/* End PBXFrameworksBuildPhase section */

/* Begin PBXGroup section */
		698EBE9327FB493700399D8F = {
			isa = PBXGroup;
			children = (
				698EBE9E27FB493700399D8F /* ListAList */,
				698EBEB427FB493800399D8F /* ListAListTests */,
				698EBEBE27FB493800399D8F /* ListAListUITests */,
				698EBE9D27FB493700399D8F /* Products */,
			);
			sourceTree = "<group>";
		};
		698EBE9D27FB493700399D8F /* Products */ = {
			isa = PBXGroup;
			children = (
				698EBE9C27FB493700399D8F /* ListAList.app */,
				698EBEB127FB493800399D8F /* ListAListTests.xctest */,
				698EBEBB27FB493800399D8F /* ListAListUITests.xctest */,
			);
			name = Products;
			sourceTree = "<group>";
		};
		698EBE9E27FB493700399D8F /* ListAList */ = {
			isa = PBXGroup;
			children = (
				698EBEDA27FC4C1500399D8F /* ViewModel */,
				698EBED927FB676500399D8F /* Model */,
				698EBED027FB498500399D8F /* View */,
				698EBE9F27FB493700399D8F /* ListAListApp.swift */,
				698EBEA327FB493800399D8F /* Assets.xcassets */,
				698EBEA827FB493800399D8F /* Persistence.swift */,
				698EBEAA27FB493800399D8F /* ListAList.xcdatamodeld */,
				698EBEA527FB493800399D8F /* Preview Content */,
			);
			path = ListAList;
			sourceTree = "<group>";
		};
		698EBEA527FB493800399D8F /* Preview Content */ = {
			isa = PBXGroup;
			children = (
				698EBEA627FB493800399D8F /* Preview Assets.xcassets */,
			);
			path = "Preview Content";
			sourceTree = "<group>";
		};
		698EBEB427FB493800399D8F /* ListAListTests */ = {
			isa = PBXGroup;
			children = (
				698EBEB527FB493800399D8F /* ListAListTests.swift */,
			);
			path = ListAListTests;
			sourceTree = "<group>";
		};
		698EBEBE27FB493800399D8F /* ListAListUITests */ = {
			isa = PBXGroup;
			children = (
				698EBEBF27FB493800399D8F /* ListAListUITests.swift */,
				698EBEC127FB493800399D8F /* ListAListUITestsLaunchTests.swift */,
			);
			path = ListAListUITests;
			sourceTree = "<group>";
		};
		698EBED027FB498500399D8F /* View */ = {
			isa = PBXGroup;
			children = (
				698EBED127FB49A500399D8F /* ListView.swift */,
				698EBED327FB4B4300399D8F /* ListRowView.swift */,
				698EBED527FB543200399D8F /* AddView.swift */,
			);
			path = View;
			sourceTree = "<group>";
		};
		698EBED927FB676500399D8F /* Model */ = {
			isa = PBXGroup;
			children = (
				698EBED727FB674A00399D8F /* ItemModel.swift */,
			);
			path = Model;
			sourceTree = "<group>";
		};
		698EBEDA27FC4C1500399D8F /* ViewModel */ = {
			isa = PBXGroup;
			children = (
				698EBEDB27FC4C2300399D8F /* ListViewModel.swift */,
			);
			path = ViewModel;
			sourceTree = "<group>";
		};
/* End PBXGroup section */

/* Begin PBXNativeTarget section */
		698EBE9B27FB493700399D8F /* ListAList */ = {
			isa = PBXNativeTarget;
			buildConfigurationList = 698EBEC527FB493800399D8F /* Build configuration list for PBXNativeTarget "ListAList" */;
			buildPhases = (
				698EBE9827FB493700399D8F /* Sources */,
				698EBE9927FB493700399D8F /* Frameworks */,
				698EBE9A27FB493700399D8F /* Resources */,
			);
			buildRules = (
			);
			dependencies = (
			);
			name = ListAList;
			productName = ListAList;
			productReference = 698EBE9C27FB493700399D8F /* ListAList.app */;
			productType = "com.apple.product-type.application";
		};
		698EBEB027FB493800399D8F /* ListAListTests */ = {
			isa = PBXNativeTarget;
			buildConfigurationList = 698EBEC827FB493800399D8F /* Build configuration list for PBXNativeTarget "ListAListTests" */;
			buildPhases = (
				698EBEAD27FB493800399D8F /* Sources */,
				698EBEAE27FB493800399D8F /* Frameworks */,
				698EBEAF27FB493800399D8F /* Resources */,
			);
			buildRules = (
			);
			dependencies = (
				698EBEB327FB493800399D8F /* PBXTargetDependency */,
			);
			name = ListAListTests;
			productName = ListAListTests;
			productReference = 698EBEB127FB493800399D8F /* ListAListTests.xctest */;
			productType = "com.apple.product-type.bundle.unit-test";
		};
		698EBEBA27FB493800399D8F /* ListAListUITests */ = {
			isa = PBXNativeTarget;
			buildConfigurationList = 698EBECB27FB493800399D8F /* Build configuration list for PBXNativeTarget "ListAListUITests" */;
			buildPhases = (
				698EBEB727FB493800399D8F /* Sources */,
				698EBEB827FB493800399D8F /* Frameworks */,
				698EBEB927FB493800399D8F /* Resources */,
			);
			buildRules = (
			);
			dependencies = (
				698EBEBD27FB493800399D8F /* PBXTargetDependency */,
			);
			name = ListAListUITests;
			productName = ListAListUITests;
			productReference = 698EBEBB27FB493800399D8F /* ListAListUITests.xctest */;
			productType = "com.apple.product-type.bundle.ui-testing";
		};
/* End PBXNativeTarget section */

/* Begin PBXProject section */
		698EBE9427FB493700399D8F /* Project object */ = {
			isa = PBXProject;
			attributes = {
				BuildIndependentTargetsInParallel = 1;
				LastSwiftUpdateCheck = 1310;
				LastUpgradeCheck = 1310;
				TargetAttributes = {
					698EBE9B27FB493700399D8F = {
						CreatedOnToolsVersion = 13.1;
					};
					698EBEB027FB493800399D8F = {
						CreatedOnToolsVersion = 13.1;
						TestTargetID = 698EBE9B27FB493700399D8F;
					};
					698EBEBA27FB493800399D8F = {
						CreatedOnToolsVersion = 13.1;
						TestTargetID = 698EBE9B27FB493700399D8F;
					};
				};
			};
			buildConfigurationList = 698EBE9727FB493700399D8F /* Build configuration list for PBXProject "ListAList" */;
			compatibilityVersion = "Xcode 13.0";
			developmentRegion = en;
			hasScannedForEncodings = 0;
			knownRegions = (
				en,
				Base,
			);
			mainGroup = 698EBE9327FB493700399D8F;
			productRefGroup = 698EBE9D27FB493700399D8F /* Products */;
			projectDirPath = "";
			projectRoot = "";
			targets = (
				698EBE9B27FB493700399D8F /* ListAList */,
				698EBEB027FB493800399D8F /* ListAListTests */,
				698EBEBA27FB493800399D8F /* ListAListUITests */,
			);
		};
/* End PBXProject section */

/* Begin PBXResourcesBuildPhase section */
		698EBE9A27FB493700399D8F /* Resources */ = {
			isa = PBXResourcesBuildPhase;
			buildActionMask = 2147483647;
			files = (
				698EBEA727FB493800399D8F /* Preview Assets.xcassets in Resources */,
				698EBEA427FB493800399D8F /* Assets.xcassets in Resources */,
			);
			runOnlyForDeploymentPostprocessing = 0;
		};
		698EBEAF27FB493800399D8F /* Resources */ = {
			isa = PBXResourcesBuildPhase;
			buildActionMask = 2147483647;
			files = (
			);
			runOnlyForDeploymentPostprocessing = 0;
		};
		698EBEB927FB493800399D8F /* Resources */ = {
			isa = PBXResourcesBuildPhase;
			buildActionMask = 2147483647;
			files = (
			);
			runOnlyForDeploymentPostprocessing = 0;
		};
/* End PBXResourcesBuildPhase section */

/* Begin PBXSourcesBuildPhase section */
		698EBE9827FB493700399D8F /* Sources */ = {
			isa = PBXSourcesBuildPhase;
			buildActionMask = 2147483647;
			files = (
				698EBEA927FB493800399D8F /* Persistence.swift in Sources */,
				698EBED227FB49A500399D8F /* ListView.swift in Sources */,
				698EBED627FB543200399D8F /* AddView.swift in Sources */,
				698EBED427FB4B4300399D8F /* ListRowView.swift in Sources */,
				698EBEA027FB493700399D8F /* ListAListApp.swift in Sources */,
				698EBED827FB674A00399D8F /* ItemModel.swift in Sources */,
				698EBEDC27FC4C2400399D8F /* ListViewModel.swift in Sources */,
				698EBEAC27FB493800399D8F /* ListAList.xcdatamodeld in Sources */,
			);
			runOnlyForDeploymentPostprocessing = 0;
		};
		698EBEAD27FB493800399D8F /* Sources */ = {
			isa = PBXSourcesBuildPhase;
			buildActionMask = 2147483647;
			files = (
				698EBEB627FB493800399D8F /* ListAListTests.swift in Sources */,
			);
			runOnlyForDeploymentPostprocessing = 0;
		};
		698EBEB727FB493800399D8F /* Sources */ = {
			isa = PBXSourcesBuildPhase;
			buildActionMask = 2147483647;
			files = (
				698EBEC227FB493800399D8F /* ListAListUITestsLaunchTests.swift in Sources */,
				698EBEC027FB493800399D8F /* ListAListUITests.swift in Sources */,
			);
			runOnlyForDeploymentPostprocessing = 0;
		};
/* End PBXSourcesBuildPhase section */

/* Begin PBXTargetDependency section */
		698EBEB327FB493800399D8F /* PBXTargetDependency */ = {
			isa = PBXTargetDependency;
			target = 698EBE9B27FB493700399D8F /* ListAList */;
			targetProxy = 698EBEB227FB493800399D8F /* PBXContainerItemProxy */;
		};
		698EBEBD27FB493800399D8F /* PBXTargetDependency */ = {
			isa = PBXTargetDependency;
			target = 698EBE9B27FB493700399D8F /* ListAList */;
			targetProxy = 698EBEBC27FB493800399D8F /* PBXContainerItemProxy */;
		};
/* End PBXTargetDependency section */

/* Begin XCBuildConfiguration section */
		698EBEC327FB493800399D8F /* Debug */ = {
			isa = XCBuildConfiguration;
			buildSettings = {
				ALWAYS_SEARCH_USER_PATHS = NO;
				CLANG_ANALYZER_NONNULL = YES;
				CLANG_ANALYZER_NUMBER_OBJECT_CONVERSION = YES_AGGRESSIVE;
				CLANG_CXX_LANGUAGE_STANDARD = "gnu++17";
				CLANG_CXX_LIBRARY = "libc++";
				CLANG_ENABLE_MODULES = YES;
				CLANG_ENABLE_OBJC_ARC = YES;
				CLANG_ENABLE_OBJC_WEAK = YES;
				CLANG_WARN_BLOCK_CAPTURE_AUTORELEASING = YES;
				CLANG_WARN_BOOL_CONVERSION = YES;
				CLANG_WARN_COMMA = YES;
				CLANG_WARN_CONSTANT_CONVERSION = YES;
				CLANG_WARN_DEPRECATED_OBJC_IMPLEMENTATIONS = YES;
				CLANG_WARN_DIRECT_OBJC_ISA_USAGE = YES_ERROR;
				CLANG_WARN_DOCUMENTATION_COMMENTS = YES;
				CLANG_WARN_EMPTY_BODY = YES;
				CLANG_WARN_ENUM_CONVERSION = YES;
				CLANG_WARN_INFINITE_RECURSION = YES;
				CLANG_WARN_INT_CONVERSION = YES;
				CLANG_WARN_NON_LITERAL_NULL_CONVERSION = YES;
				CLANG_WARN_OBJC_IMPLICIT_RETAIN_SELF = YES;
				CLANG_WARN_OBJC_LITERAL_CONVERSION = YES;
				CLANG_WARN_OBJC_ROOT_CLASS = YES_ERROR;
				CLANG_WARN_QUOTED_INCLUDE_IN_FRAMEWORK_HEADER = YES;
				CLANG_WARN_RANGE_LOOP_ANALYSIS = YES;
				CLANG_WARN_STRICT_PROTOTYPES = YES;
				CLANG_WARN_SUSPICIOUS_MOVE = YES;
				CLANG_WARN_UNGUARDED_AVAILABILITY = YES_AGGRESSIVE;
				CLANG_WARN_UNREACHABLE_CODE = YES;
				CLANG_WARN__DUPLICATE_METHOD_MATCH = YES;
				COPY_PHASE_STRIP = NO;
				DEBUG_INFORMATION_FORMAT = dwarf;
				ENABLE_STRICT_OBJC_MSGSEND = YES;
				ENABLE_TESTABILITY = YES;
				GCC_C_LANGUAGE_STANDARD = gnu11;
				GCC_DYNAMIC_NO_PIC = NO;
				GCC_NO_COMMON_BLOCKS = YES;
				GCC_OPTIMIZATION_LEVEL = 0;
				GCC_PREPROCESSOR_DEFINITIONS = (
					"DEBUG=1",
					"$(inherited)",
				);
				GCC_WARN_64_TO_32_BIT_CONVERSION = YES;
				GCC_WARN_ABOUT_RETURN_TYPE = YES_ERROR;
				GCC_WARN_UNDECLARED_SELECTOR = YES;
				GCC_WARN_UNINITIALIZED_AUTOS = YES_AGGRESSIVE;
				GCC_WARN_UNUSED_FUNCTION = YES;
				GCC_WARN_UNUSED_VARIABLE = YES;
				IPHONEOS_DEPLOYMENT_TARGET = 15.0;
				MTL_ENABLE_DEBUG_INFO = INCLUDE_SOURCE;
				MTL_FAST_MATH = YES;
				ONLY_ACTIVE_ARCH = YES;
				SDKROOT = iphoneos;
				SWIFT_ACTIVE_COMPILATION_CONDITIONS = DEBUG;
				SWIFT_OPTIMIZATION_LEVEL = "-Onone";
			};
			name = Debug;
		};
		698EBEC427FB493800399D8F /* Release */ = {
			isa = XCBuildConfiguration;
			buildSettings = {
				ALWAYS_SEARCH_USER_PATHS = NO;
				CLANG_ANALYZER_NONNULL = YES;
				CLANG_ANALYZER_NUMBER_OBJECT_CONVERSION = YES_AGGRESSIVE;
				CLANG_CXX_LANGUAGE_STANDARD = "gnu++17";
				CLANG_CXX_LIBRARY = "libc++";
				CLANG_ENABLE_MODULES = YES;
				CLANG_ENABLE_OBJC_ARC = YES;
				CLANG_ENABLE_OBJC_WEAK = YES;
				CLANG_WARN_BLOCK_CAPTURE_AUTORELEASING = YES;
				CLANG_WARN_BOOL_CONVERSION = YES;
				CLANG_WARN_COMMA = YES;
				CLANG_WARN_CONSTANT_CONVERSION = YES;
				CLANG_WARN_DEPRECATED_OBJC_IMPLEMENTATIONS = YES;
				CLANG_WARN_DIRECT_OBJC_ISA_USAGE = YES_ERROR;
				CLANG_WARN_DOCUMENTATION_COMMENTS = YES;
				CLANG_WARN_EMPTY_BODY = YES;
				CLANG_WARN_ENUM_CONVERSION = YES;
				CLANG_WARN_INFINITE_RECURSION = YES;
				CLANG_WARN_INT_CONVERSION = YES;
				CLANG_WARN_NON_LITERAL_NULL_CONVERSION = YES;
				CLANG_WARN_OBJC_IMPLICIT_RETAIN_SELF = YES;
				CLANG_WARN_OBJC_LITERAL_CONVERSION = YES;
				CLANG_WARN_OBJC_ROOT_CLASS = YES_ERROR;
				CLANG_WARN_QUOTED_INCLUDE_IN_FRAMEWORK_HEADER = YES;
				CLANG_WARN_RANGE_LOOP_ANALYSIS = YES;
				CLANG_WARN_STRICT_PROTOTYPES = YES;
				CLANG_WARN_SUSPICIOUS_MOVE = YES;
				CLANG_WARN_UNGUARDED_AVAILABILITY = YES_AGGRESSIVE;
				CLANG_WARN_UNREACHABLE_CODE = YES;
				CLANG_WARN__DUPLICATE_METHOD_MATCH = YES;
				COPY_PHASE_STRIP = NO;
				DEBUG_INFORMATION_FORMAT = "dwarf-with-dsym";
				ENABLE_NS_ASSERTIONS = NO;
				ENABLE_STRICT_OBJC_MSGSEND = YES;
				GCC_C_LANGUAGE_STANDARD = gnu11;
				GCC_NO_COMMON_BLOCKS = YES;
				GCC_WARN_64_TO_32_BIT_CONVERSION = YES;
				GCC_WARN_ABOUT_RETURN_TYPE = YES_ERROR;
				GCC_WARN_UNDECLARED_SELECTOR = YES;
				GCC_WARN_UNINITIALIZED_AUTOS = YES_AGGRESSIVE;
				GCC_WARN_UNUSED_FUNCTION = YES;
				GCC_WARN_UNUSED_VARIABLE = YES;
				IPHONEOS_DEPLOYMENT_TARGET = 15.0;
				MTL_ENABLE_DEBUG_INFO = NO;
				MTL_FAST_MATH = YES;
				SDKROOT = iphoneos;
				SWIFT_COMPILATION_MODE = wholemodule;
				SWIFT_OPTIMIZATION_LEVEL = "-O";
				VALIDATE_PRODUCT = YES;
			};
			name = Release;
		};
		698EBEC627FB493800399D8F /* Debug */ = {
			isa = XCBuildConfiguration;
			buildSettings = {
				ASSETCATALOG_COMPILER_APPICON_NAME = AppIcon;
				ASSETCATALOG_COMPILER_GLOBAL_ACCENT_COLOR_NAME = AccentColor;
				CODE_SIGN_STYLE = Automatic;
				CURRENT_PROJECT_VERSION = 1;
				DEVELOPMENT_ASSET_PATHS = "\"ListAList/Preview Content\"";
				DEVELOPMENT_TEAM = SU7RGCNSHB;
				ENABLE_PREVIEWS = YES;
				GENERATE_INFOPLIST_FILE = YES;
				INFOPLIST_KEY_UIApplicationSceneManifest_Generation = YES;
				INFOPLIST_KEY_UIApplicationSupportsIndirectInputEvents = YES;
				INFOPLIST_KEY_UILaunchScreen_Generation = YES;
				INFOPLIST_KEY_UISupportedInterfaceOrientations = UIInterfaceOrientationPortrait;
				INFOPLIST_KEY_UISupportedInterfaceOrientations_iPad = "UIInterfaceOrientationPortrait UIInterfaceOrientationPortraitUpsideDown UIInterfaceOrientationLandscapeLeft UIInterfaceOrientationLandscapeRight";
				INFOPLIST_KEY_UISupportedInterfaceOrientations_iPhone = "UIInterfaceOrientationPortrait UIInterfaceOrientationLandscapeLeft UIInterfaceOrientationLandscapeRight";
				LD_RUNPATH_SEARCH_PATHS = (
					"$(inherited)",
					"@executable_path/Frameworks",
				);
				MARKETING_VERSION = 1.1;
				PRODUCT_BUNDLE_IDENTIFIER = com.ron.ListAList;
				PRODUCT_NAME = "$(TARGET_NAME)";
				SWIFT_EMIT_LOC_STRINGS = YES;
				SWIFT_VERSION = 5.0;
				TARGETED_DEVICE_FAMILY = 1;
			};
			name = Debug;
		};
		698EBEC727FB493800399D8F /* Release */ = {
			isa = XCBuildConfiguration;
			buildSettings = {
				ASSETCATALOG_COMPILER_APPICON_NAME = AppIcon;
				ASSETCATALOG_COMPILER_GLOBAL_ACCENT_COLOR_NAME = AccentColor;
				CODE_SIGN_STYLE = Automatic;
				CURRENT_PROJECT_VERSION = 1;
				DEVELOPMENT_ASSET_PATHS = "\"ListAList/Preview Content\"";
				DEVELOPMENT_TEAM = SU7RGCNSHB;
				ENABLE_PREVIEWS = YES;
				GENERATE_INFOPLIST_FILE = YES;
				INFOPLIST_KEY_UIApplicationSceneManifest_Generation = YES;
				INFOPLIST_KEY_UIApplicationSupportsIndirectInputEvents = YES;
				INFOPLIST_KEY_UILaunchScreen_Generation = YES;
				INFOPLIST_KEY_UISupportedInterfaceOrientations = UIInterfaceOrientationPortrait;
				INFOPLIST_KEY_UISupportedInterfaceOrientations_iPad = "UIInterfaceOrientationPortrait UIInterfaceOrientationPortraitUpsideDown UIInterfaceOrientationLandscapeLeft UIInterfaceOrientationLandscapeRight";
				INFOPLIST_KEY_UISupportedInterfaceOrientations_iPhone = "UIInterfaceOrientationPortrait UIInterfaceOrientationLandscapeLeft UIInterfaceOrientationLandscapeRight";
				LD_RUNPATH_SEARCH_PATHS = (
					"$(inherited)",
					"@executable_path/Frameworks",
				);
				MARKETING_VERSION = 1.1;
				PRODUCT_BUNDLE_IDENTIFIER = com.ron.ListAList;
				PRODUCT_NAME = "$(TARGET_NAME)";
				SWIFT_EMIT_LOC_STRINGS = YES;
				SWIFT_VERSION = 5.0;
				TARGETED_DEVICE_FAMILY = 1;
			};
			name = Release;
		};
		698EBEC927FB493800399D8F /* Debug */ = {
			isa = XCBuildConfiguration;
			buildSettings = {
				ALWAYS_EMBED_SWIFT_STANDARD_LIBRARIES = YES;
				BUNDLE_LOADER = "$(TEST_HOST)";
				CODE_SIGN_STYLE = Automatic;
				CURRENT_PROJECT_VERSION = 1;
				DEVELOPMENT_TEAM = SU7RGCNSHB;
				GENERATE_INFOPLIST_FILE = YES;
				IPHONEOS_DEPLOYMENT_TARGET = 15.0;
				LD_RUNPATH_SEARCH_PATHS = (
					"$(inherited)",
					"@executable_path/Frameworks",
					"@loader_path/Frameworks",
				);
				MARKETING_VERSION = 1.0;
				PRODUCT_BUNDLE_IDENTIFIER = com.ron.ListAListTests;
				PRODUCT_NAME = "$(TARGET_NAME)";
				SWIFT_EMIT_LOC_STRINGS = NO;
				SWIFT_VERSION = 5.0;
				TARGETED_DEVICE_FAMILY = 1;
				TEST_HOST = "$(BUILT_PRODUCTS_DIR)/ListAList.app/ListAList";
			};
			name = Debug;
		};
		698EBECA27FB493800399D8F /* Release */ = {
			isa = XCBuildConfiguration;
			buildSettings = {
				ALWAYS_EMBED_SWIFT_STANDARD_LIBRARIES = YES;
				BUNDLE_LOADER = "$(TEST_HOST)";
				CODE_SIGN_STYLE = Automatic;
				CURRENT_PROJECT_VERSION = 1;
				DEVELOPMENT_TEAM = SU7RGCNSHB;
				GENERATE_INFOPLIST_FILE = YES;
				IPHONEOS_DEPLOYMENT_TARGET = 15.0;
				LD_RUNPATH_SEARCH_PATHS = (
					"$(inherited)",
					"@executable_path/Frameworks",
					"@loader_path/Frameworks",
				);
				MARKETING_VERSION = 1.0;
				PRODUCT_BUNDLE_IDENTIFIER = com.ron.ListAListTests;
				PRODUCT_NAME = "$(TARGET_NAME)";
				SWIFT_EMIT_LOC_STRINGS = NO;
				SWIFT_VERSION = 5.0;
				TARGETED_DEVICE_FAMILY = 1;
				TEST_HOST = "$(BUILT_PRODUCTS_DIR)/ListAList.app/ListAList";
			};
			name = Release;
		};
		698EBECC27FB493800399D8F /* Debug */ = {
			isa = XCBuildConfiguration;
			buildSettings = {
				ALWAYS_EMBED_SWIFT_STANDARD_LIBRARIES = YES;
				CODE_SIGN_STYLE = Automatic;
				CURRENT_PROJECT_VERSION = 1;
				DEVELOPMENT_TEAM = SU7RGCNSHB;
				GENERATE_INFOPLIST_FILE = YES;
				LD_RUNPATH_SEARCH_PATHS = (
					"$(inherited)",
					"@executable_path/Frameworks",
					"@loader_path/Frameworks",
				);
				MARKETING_VERSION = 1.0;
				PRODUCT_BUNDLE_IDENTIFIER = com.ron.ListAListUITests;
				PRODUCT_NAME = "$(TARGET_NAME)";
				SWIFT_EMIT_LOC_STRINGS = NO;
				SWIFT_VERSION = 5.0;
				TARGETED_DEVICE_FAMILY = "1,2";
				TEST_TARGET_NAME = ListAList;
			};
			name = Debug;
		};
		698EBECD27FB493800399D8F /* Release */ = {
			isa = XCBuildConfiguration;
			buildSettings = {
				ALWAYS_EMBED_SWIFT_STANDARD_LIBRARIES = YES;
				CODE_SIGN_STYLE = Automatic;
				CURRENT_PROJECT_VERSION = 1;
				DEVELOPMENT_TEAM = SU7RGCNSHB;
				GENERATE_INFOPLIST_FILE = YES;
				LD_RUNPATH_SEARCH_PATHS = (
					"$(inherited)",
					"@executable_path/Frameworks",
					"@loader_path/Frameworks",
				);
				MARKETING_VERSION = 1.0;
				PRODUCT_BUNDLE_IDENTIFIER = com.ron.ListAListUITests;
				PRODUCT_NAME = "$(TARGET_NAME)";
				SWIFT_EMIT_LOC_STRINGS = NO;
				SWIFT_VERSION = 5.0;
				TARGETED_DEVICE_FAMILY = "1,2";
				TEST_TARGET_NAME = ListAList;
			};
			name = Release;
		};
/* End XCBuildConfiguration section */

/* Begin XCConfigurationList section */
		698EBE9727FB493700399D8F /* Build configuration list for PBXProject "ListAList" */ = {
			isa = XCConfigurationList;
			buildConfigurations = (
				698EBEC327FB493800399D8F /* Debug */,
				698EBEC427FB493800399D8F /* Release */,
			);
			defaultConfigurationIsVisible = 0;
			defaultConfigurationName = Release;
		};
		698EBEC527FB493800399D8F /* Build configuration list for PBXNativeTarget "ListAList" */ = {
			isa = XCConfigurationList;
			buildConfigurations = (
				698EBEC627FB493800399D8F /* Debug */,
				698EBEC727FB493800399D8F /* Release */,
			);
			defaultConfigurationIsVisible = 0;
			defaultConfigurationName = Release;
		};
		698EBEC827FB493800399D8F /* Build configuration list for PBXNativeTarget "ListAListTests" */ = {
			isa = XCConfigurationList;
			buildConfigurations = (
				698EBEC927FB493800399D8F /* Debug */,
				698EBECA27FB493800399D8F /* Release */,
			);
			defaultConfigurationIsVisible = 0;
			defaultConfigurationName = Release;
		};
		698EBECB27FB493800399D8F /* Build configuration list for PBXNativeTarget "ListAListUITests" */ = {
			isa = XCConfigurationList;
			buildConfigurations = (
				698EBECC27FB493800399D8F /* Debug */,
				698EBECD27FB493800399D8F /* Release */,
			);
			defaultConfigurationIsVisible = 0;
			defaultConfigurationName = Release;
		};
/* End XCConfigurationList section */

/* Begin XCVersionGroup section */
		698EBEAA27FB493800399D8F /* ListAList.xcdatamodeld */ = {
			isa = XCVersionGroup;
			children = (
				698EBEAB27FB493800399D8F /* ListAList.xcdatamodel */,
			);
			currentVersion = 698EBEAB27FB493800399D8F /* ListAList.xcdatamodel */;
			path = ListAList.xcdatamodeld;
			sourceTree = "<group>";
			versionGroupType = wrapper.xcdatamodel;
		};
/* End XCVersionGroup section */
	};
	rootObject = 698EBE9427FB493700399D8F /* Project object */;
}
